
Microsoft Visual Studio Solution File, Format Version 12.00
# Visual Studio 14
VisualStudioVersion = 14.0.24720.0
MinimumVisualStudioVersion = 10.0.40219.1
Project("{FAE04EC0-301F-11D3-BF4B-00C04F79EFBC}") = "Spinner", "Spinner\Spinner.csproj", "{C94D87B4-8AC6-4259-87F1-7CD57ED2DBD4}"
EndProject
Project("{FAE04EC0-301F-11D3-BF4B-00C04F79EFBC}") = "Spinner.Fody", "Spinner.Fody\Spinner.Fody.csproj", "{A6C6A8FF-5516-4356-9AF0-7B55C5A8B8E6}"
EndProject
Project("{FAE04EC0-301F-11D3-BF4B-00C04F79EFBC}") = "Spinner.Tests", "Spinner.Tests\Spinner.Tests.csproj", "{60B1BD7A-5CA1-4C34-8931-44894A09E3BE}"
EndProject
Project("{FAE04EC0-301F-11D3-BF4B-00C04F79EFBC}") = "Spinner.TestTarget", "Spinner.TestTarget\Spinner.TestTarget.csproj", "{D1B243E1-B46B-48CF-9CEC-2E0FF357473A}"
EndProject
Global
	GlobalSection(SolutionConfigurationPlatforms) = preSolution
		Debug|Any CPU = Debug|Any CPU
		Release|Any CPU = Release|Any CPU
	EndGlobalSection
	GlobalSection(ProjectConfigurationPlatforms) = postSolution
		{C94D87B4-8AC6-4259-87F1-7CD57ED2DBD4}.Debug|Any CPU.ActiveCfg = Debug|Any CPU
		{C94D87B4-8AC6-4259-87F1-7CD57ED2DBD4}.Debug|Any CPU.Build.0 = Debug|Any CPU
		{C94D87B4-8AC6-4259-87F1-7CD57ED2DBD4}.Release|Any CPU.ActiveCfg = Release|Any CPU
		{C94D87B4-8AC6-4259-87F1-7CD57ED2DBD4}.Release|Any CPU.Build.0 = Release|Any CPU
		{A6C6A8FF-5516-4356-9AF0-7B55C5A8B8E6}.Debug|Any CPU.ActiveCfg = Debug|Any CPU
		{A6C6A8FF-5516-4356-9AF0-7B55C5A8B8E6}.Debug|Any CPU.Build.0 = Debug|Any CPU
		{A6C6A8FF-5516-4356-9AF0-7B55C5A8B8E6}.Release|Any CPU.ActiveCfg = Release|Any CPU
		{A6C6A8FF-5516-4356-9AF0-7B55C5A8B8E6}.Release|Any CPU.Build.0 = Release|Any CPU
		{60B1BD7A-5CA1-4C34-8931-44894A09E3BE}.Debug|Any CPU.ActiveCfg = Debug|Any CPU
		{60B1BD7A-5CA1-4C34-8931-44894A09E3BE}.Debug|Any CPU.Build.0 = Debug|Any CPU
		{60B1BD7A-5CA1-4C34-8931-44894A09E3BE}.Release|Any CPU.ActiveCfg = Release|Any CPU
		{60B1BD7A-5CA1-4C34-8931-44894A09E3BE}.Release|Any CPU.Build.0 = Release|Any CPU
		{D1B243E1-B46B-48CF-9CEC-2E0FF357473A}.Debug|Any CPU.ActiveCfg = Debug|Any CPU
		{D1B243E1-B46B-48CF-9CEC-2E0FF357473A}.Debug|Any CPU.Build.0 = Debug|Any CPU
		{D1B243E1-B46B-48CF-9CEC-2E0FF357473A}.Release|Any CPU.ActiveCfg = Release|Any CPU
		{D1B243E1-B46B-48CF-9CEC-2E0FF357473A}.Release|Any CPU.Build.0 = Release|Any CPU
	EndGlobalSection
	GlobalSection(SolutionProperties) = preSolution
		HideSolutionNode = FALSE
	EndGlobalSection
EndGlobal
